// !$*UTF8*$!
{
	archiveVersion = 1;
	classes = {
	};
	objectVersion = 56;
	objects = {

/* Begin PBXBuildFile section */
		A2096EED2A1A98D8002CBE5E /* LogInViewController.swift in Sources */ = {isa = PBXBuildFile; fileRef = A2096EEC2A1A98D8002CBE5E /* LogInViewController.swift */; };
		A2266FF72A211333000CF1C0 /* TextFieldWithPadding.swift in Sources */ = {isa = PBXBuildFile; fileRef = A2266FF62A211333000CF1C0 /* TextFieldWithPadding.swift */; };
		A23E10092A0A9BFF00B6207D /* FeedViewController.swift in Sources */ = {isa = PBXBuildFile; fileRef = A23E10082A0A9BFF00B6207D /* FeedViewController.swift */; };
		A23E100B2A0A9C2100B6207D /* ProfileViewController.swift in Sources */ = {isa = PBXBuildFile; fileRef = A23E100A2A0A9C2100B6207D /* ProfileViewController.swift */; };
		A23E100D2A0AA65600B6207D /* PostViewController.swift in Sources */ = {isa = PBXBuildFile; fileRef = A23E100C2A0AA65600B6207D /* PostViewController.swift */; };
		A23E100F2A0AAC2A00B6207D /* Post.swift in Sources */ = {isa = PBXBuildFile; fileRef = A23E100E2A0AAC2A00B6207D /* Post.swift */; };
		A23E10112A0AAE4B00B6207D /* InfoViewController.swift in Sources */ = {isa = PBXBuildFile; fileRef = A23E10102A0AAE4B00B6207D /* InfoViewController.swift */; };
		A23E10142A11542F00B6207D /* ProfileHeaderView.swift in Sources */ = {isa = PBXBuildFile; fileRef = A23E10132A11542F00B6207D /* ProfileHeaderView.swift */; };
		A25146982A0A5F7D00A9FCDF /* AppDelegate.swift in Sources */ = {isa = PBXBuildFile; fileRef = A25146972A0A5F7D00A9FCDF /* AppDelegate.swift */; };
		A251469A2A0A5F7D00A9FCDF /* SceneDelegate.swift in Sources */ = {isa = PBXBuildFile; fileRef = A25146992A0A5F7D00A9FCDF /* SceneDelegate.swift */; };
		A251469C2A0A5F7D00A9FCDF /* ViewController.swift in Sources */ = {isa = PBXBuildFile; fileRef = A251469B2A0A5F7D00A9FCDF /* ViewController.swift */; };
		A25146A12A0A5F7E00A9FCDF /* Assets.xcassets in Resources */ = {isa = PBXBuildFile; fileRef = A25146A02A0A5F7E00A9FCDF /* Assets.xcassets */; };
		A25146A42A0A5F7E00A9FCDF /* LaunchScreen.storyboard in Resources */ = {isa = PBXBuildFile; fileRef = A25146A22A0A5F7E00A9FCDF /* LaunchScreen.storyboard */; };
/* End PBXBuildFile section */

/* Begin PBXFileReference section */
		A2096EEC2A1A98D8002CBE5E /* LogInViewController.swift */ = {isa = PBXFileReference; lastKnownFileType = sourcecode.swift; path = LogInViewController.swift; sourceTree = "<group>"; };
		A2266FF62A211333000CF1C0 /* TextFieldWithPadding.swift */ = {isa = PBXFileReference; lastKnownFileType = sourcecode.swift; path = TextFieldWithPadding.swift; sourceTree = "<group>"; };
		A23E10082A0A9BFF00B6207D /* FeedViewController.swift */ = {isa = PBXFileReference; lastKnownFileType = sourcecode.swift; path = FeedViewController.swift; sourceTree = "<group>"; };
		A23E100A2A0A9C2100B6207D /* ProfileViewController.swift */ = {isa = PBXFileReference; lastKnownFileType = sourcecode.swift; path = ProfileViewController.swift; sourceTree = "<group>"; };
		A23E100C2A0AA65600B6207D /* PostViewController.swift */ = {isa = PBXFileReference; lastKnownFileType = sourcecode.swift; path = PostViewController.swift; sourceTree = "<group>"; };
		A23E100E2A0AAC2A00B6207D /* Post.swift */ = {isa = PBXFileReference; lastKnownFileType = sourcecode.swift; path = Post.swift; sourceTree = "<group>"; };
		A23E10102A0AAE4B00B6207D /* InfoViewController.swift */ = {isa = PBXFileReference; lastKnownFileType = sourcecode.swift; path = InfoViewController.swift; sourceTree = "<group>"; };
		A23E10132A11542F00B6207D /* ProfileHeaderView.swift */ = {isa = PBXFileReference; lastKnownFileType = sourcecode.swift; path = ProfileHeaderView.swift; sourceTree = "<group>"; };
		A25146942A0A5F7D00A9FCDF /* Navigation.app */ = {isa = PBXFileReference; explicitFileType = wrapper.application; includeInIndex = 0; path = Navigation.app; sourceTree = BUILT_PRODUCTS_DIR; };
		A25146972A0A5F7D00A9FCDF /* AppDelegate.swift */ = {isa = PBXFileReference; lastKnownFileType = sourcecode.swift; path = AppDelegate.swift; sourceTree = "<group>"; };
		A25146992A0A5F7D00A9FCDF /* SceneDelegate.swift */ = {isa = PBXFileReference; lastKnownFileType = sourcecode.swift; path = SceneDelegate.swift; sourceTree = "<group>"; };
		A251469B2A0A5F7D00A9FCDF /* ViewController.swift */ = {isa = PBXFileReference; lastKnownFileType = sourcecode.swift; path = ViewController.swift; sourceTree = "<group>"; };
		A25146A02A0A5F7E00A9FCDF /* Assets.xcassets */ = {isa = PBXFileReference; lastKnownFileType = folder.assetcatalog; path = Assets.xcassets; sourceTree = "<group>"; };
		A25146A32A0A5F7E00A9FCDF /* Base */ = {isa = PBXFileReference; lastKnownFileType = file.storyboard; name = Base; path = Base.lproj/LaunchScreen.storyboard; sourceTree = "<group>"; };
		A25146A52A0A5F7E00A9FCDF /* Info.plist */ = {isa = PBXFileReference; lastKnownFileType = text.plist.xml; path = Info.plist; sourceTree = "<group>"; };
/* End PBXFileReference section */

/* Begin PBXFrameworksBuildPhase section */
		A25146912A0A5F7D00A9FCDF /* Frameworks */ = {
			isa = PBXFrameworksBuildPhase;
			buildActionMask = 2147483647;
			files = (
			);
			runOnlyForDeploymentPostprocessing = 0;
		};
/* End PBXFrameworksBuildPhase section */

/* Begin PBXGroup section */
		A23E10122A1151CA00B6207D /* Profile */ = {
			isa = PBXGroup;
			children = (
				A23E10132A11542F00B6207D /* ProfileHeaderView.swift */,
				A23E100A2A0A9C2100B6207D /* ProfileViewController.swift */,
				A2096EEC2A1A98D8002CBE5E /* LogInViewController.swift */,
			);
			path = Profile;
			sourceTree = "<group>";
		};
		A251468B2A0A5F7D00A9FCDF = {
			isa = PBXGroup;
			children = (
				A25146962A0A5F7D00A9FCDF /* Navigation */,
				A25146952A0A5F7D00A9FCDF /* Products */,
			);
			sourceTree = "<group>";
		};
		A25146952A0A5F7D00A9FCDF /* Products */ = {
			isa = PBXGroup;
			children = (
				A25146942A0A5F7D00A9FCDF /* Navigation.app */,
			);
			name = Products;
			sourceTree = "<group>";
		};
		A25146962A0A5F7D00A9FCDF /* Navigation */ = {
			isa = PBXGroup;
			children = (
				A23E10122A1151CA00B6207D /* Profile */,
				A25146972A0A5F7D00A9FCDF /* AppDelegate.swift */,
				A25146992A0A5F7D00A9FCDF /* SceneDelegate.swift */,
				A251469B2A0A5F7D00A9FCDF /* ViewController.swift */,
				A25146A02A0A5F7E00A9FCDF /* Assets.xcassets */,
				A25146A22A0A5F7E00A9FCDF /* LaunchScreen.storyboard */,
				A25146A52A0A5F7E00A9FCDF /* Info.plist */,
				A23E10082A0A9BFF00B6207D /* FeedViewController.swift */,
				A23E100C2A0AA65600B6207D /* PostViewController.swift */,
				A23E100E2A0AAC2A00B6207D /* Post.swift */,
				A23E10102A0AAE4B00B6207D /* InfoViewController.swift */,
				A2266FF62A211333000CF1C0 /* TextFieldWithPadding.swift */,
			);
			path = Navigation;
			sourceTree = "<group>";
		};
/* End PBXGroup section */

/* Begin PBXNativeTarget section */
		A25146932A0A5F7D00A9FCDF /* Navigation */ = {
			isa = PBXNativeTarget;
			buildConfigurationList = A25146A82A0A5F7E00A9FCDF /* Build configuration list for PBXNativeTarget "Navigation" */;
			buildPhases = (
				A25146902A0A5F7D00A9FCDF /* Sources */,
				A25146912A0A5F7D00A9FCDF /* Frameworks */,
				A25146922A0A5F7D00A9FCDF /* Resources */,
			);
			buildRules = (
			);
			dependencies = (
			);
			name = Navigation;
			productName = Navigation;
			productReference = A25146942A0A5F7D00A9FCDF /* Navigation.app */;
			productType = "com.apple.product-type.application";
		};
/* End PBXNativeTarget section */

/* Begin PBXProject section */
		A251468C2A0A5F7D00A9FCDF /* Project object */ = {
			isa = PBXProject;
			attributes = {
				BuildIndependentTargetsInParallel = 1;
				LastSwiftUpdateCheck = 1420;
				LastUpgradeCheck = 1420;
				TargetAttributes = {
					A25146932A0A5F7D00A9FCDF = {
						CreatedOnToolsVersion = 14.2;
					};
				};
			};
			buildConfigurationList = A251468F2A0A5F7D00A9FCDF /* Build configuration list for PBXProject "Navigation" */;
			compatibilityVersion = "Xcode 14.0";
			developmentRegion = en;
			hasScannedForEncodings = 0;
			knownRegions = (
				en,
				Base,
			);
			mainGroup = A251468B2A0A5F7D00A9FCDF;
			productRefGroup = A25146952A0A5F7D00A9FCDF /* Products */;
			projectDirPath = "";
			projectRoot = "";
			targets = (
				A25146932A0A5F7D00A9FCDF /* Navigation */,
			);
		};
/* End PBXProject section */

/* Begin PBXResourcesBuildPhase section */
		A25146922A0A5F7D00A9FCDF /* Resources */ = {
			isa = PBXResourcesBuildPhase;
			buildActionMask = 2147483647;
			files = (
				A25146A42A0A5F7E00A9FCDF /* LaunchScreen.storyboard in Resources */,
				A25146A12A0A5F7E00A9FCDF /* Assets.xcassets in Resources */,
			);
			runOnlyForDeploymentPostprocessing = 0;
		};
/* End PBXResourcesBuildPhase section */

/* Begin PBXSourcesBuildPhase section */
		A25146902A0A5F7D00A9FCDF /* Sources */ = {
			isa = PBXSourcesBuildPhase;
			buildActionMask = 2147483647;
			files = (
				A23E100D2A0AA65600B6207D /* PostViewController.swift in Sources */,
				A251469C2A0A5F7D00A9FCDF /* ViewController.swift in Sources */,
				A25146982A0A5F7D00A9FCDF /* AppDelegate.swift in Sources */,
				A23E100B2A0A9C2100B6207D /* ProfileViewController.swift in Sources */,
				A23E10142A11542F00B6207D /* ProfileHeaderView.swift in Sources */,
				A23E10092A0A9BFF00B6207D /* FeedViewController.swift in Sources */,
				A23E100F2A0AAC2A00B6207D /* Post.swift in Sources */,
				A2266FF72A211333000CF1C0 /* TextFieldWithPadding.swift in Sources */,
				A23E10112A0AAE4B00B6207D /* InfoViewController.swift in Sources */,
				A2096EED2A1A98D8002CBE5E /* LogInViewController.swift in Sources */,
				A251469A2A0A5F7D00A9FCDF /* SceneDelegate.swift in Sources */,
			);
			runOnlyForDeploymentPostprocessing = 0;
		};
/* End PBXSourcesBuildPhase section */

/* Begin PBXVariantGroup section */
		A25146A22A0A5F7E00A9FCDF /* LaunchScreen.storyboard */ = {
			isa = PBXVariantGroup;
			children = (
				A25146A32A0A5F7E00A9FCDF /* Base */,
			);
			name = LaunchScreen.storyboard;
			sourceTree = "<group>";
		};
/* End PBXVariantGroup section */

/* Begin XCBuildConfiguration section */
		A25146A62A0A5F7E00A9FCDF /* Debug */ = {
			isa = XCBuildConfiguration;
			buildSettings = {
				ALWAYS_SEARCH_USER_PATHS = NO;
				CLANG_ANALYZER_NONNULL = YES;
				CLANG_ANALYZER_NUMBER_OBJECT_CONVERSION = YES_AGGRESSIVE;
				CLANG_CXX_LANGUAGE_STANDARD = "gnu++20";
				CLANG_ENABLE_MODULES = YES;
				CLANG_ENABLE_OBJC_ARC = YES;
				CLANG_ENABLE_OBJC_WEAK = YES;
				CLANG_WARN_BLOCK_CAPTURE_AUTORELEASING = YES;
				CLANG_WARN_BOOL_CONVERSION = YES;
				CLANG_WARN_COMMA = YES;
				CLANG_WARN_CONSTANT_CONVERSION = YES;
				CLANG_WARN_DEPRECATED_OBJC_IMPLEMENTATIONS = YES;
				CLANG_WARN_DIRECT_OBJC_ISA_USAGE = YES_ERROR;
				CLANG_WARN_DOCUMENTATION_COMMENTS = YES;
				CLANG_WARN_EMPTY_BODY = YES;
				CLANG_WARN_ENUM_CONVERSION = YES;
				CLANG_WARN_INFINITE_RECURSION = YES;
				CLANG_WARN_INT_CONVERSION = YES;
				CLANG_WARN_NON_LITERAL_NULL_CONVERSION = YES;
				CLANG_WARN_OBJC_IMPLICIT_RETAIN_SELF = YES;
				CLANG_WARN_OBJC_LITERAL_CONVERSION = YES;
				CLANG_WARN_OBJC_ROOT_CLASS = YES_ERROR;
				CLANG_WARN_QUOTED_INCLUDE_IN_FRAMEWORK_HEADER = YES;
				CLANG_WARN_RANGE_LOOP_ANALYSIS = YES;
				CLANG_WARN_STRICT_PROTOTYPES = YES;
				CLANG_WARN_SUSPICIOUS_MOVE = YES;
				CLANG_WARN_UNGUARDED_AVAILABILITY = YES_AGGRESSIVE;
				CLANG_WARN_UNREACHABLE_CODE = YES;
				CLANG_WARN__DUPLICATE_METHOD_MATCH = YES;
				COPY_PHASE_STRIP = NO;
				DEBUG_INFORMATION_FORMAT = dwarf;
				ENABLE_STRICT_OBJC_MSGSEND = YES;
				ENABLE_TESTABILITY = YES;
				GCC_C_LANGUAGE_STANDARD = gnu11;
				GCC_DYNAMIC_NO_PIC = NO;
				GCC_NO_COMMON_BLOCKS = YES;
				GCC_OPTIMIZATION_LEVEL = 0;
				GCC_PREPROCESSOR_DEFINITIONS = (
					"DEBUG=1",
					"$(inherited)",
				);
				GCC_WARN_64_TO_32_BIT_CONVERSION = YES;
				GCC_WARN_ABOUT_RETURN_TYPE = YES_ERROR;
				GCC_WARN_UNDECLARED_SELECTOR = YES;
				GCC_WARN_UNINITIALIZED_AUTOS = YES_AGGRESSIVE;
				GCC_WARN_UNUSED_FUNCTION = YES;
				GCC_WARN_UNUSED_VARIABLE = YES;
				IPHONEOS_DEPLOYMENT_TARGET = 16.2;
				MTL_ENABLE_DEBUG_INFO = INCLUDE_SOURCE;
				MTL_FAST_MATH = YES;
				ONLY_ACTIVE_ARCH = YES;
				SDKROOT = iphoneos;
				SWIFT_ACTIVE_COMPILATION_CONDITIONS = DEBUG;
				SWIFT_OPTIMIZATION_LEVEL = "-Onone";
			};
			name = Debug;
		};
		A25146A72A0A5F7E00A9FCDF /* Release */ = {
			isa = XCBuildConfiguration;
			buildSettings = {
				ALWAYS_SEARCH_USER_PATHS = NO;
				CLANG_ANALYZER_NONNULL = YES;
				CLANG_ANALYZER_NUMBER_OBJECT_CONVERSION = YES_AGGRESSIVE;
				CLANG_CXX_LANGUAGE_STANDARD = "gnu++20";
				CLANG_ENABLE_MODULES = YES;
				CLANG_ENABLE_OBJC_ARC = YES;
				CLANG_ENABLE_OBJC_WEAK = YES;
				CLANG_WARN_BLOCK_CAPTURE_AUTORELEASING = YES;
				CLANG_WARN_BOOL_CONVERSION = YES;
				CLANG_WARN_COMMA = YES;
				CLANG_WARN_CONSTANT_CONVERSION = YES;
				CLANG_WARN_DEPRECATED_OBJC_IMPLEMENTATIONS = YES;
				CLANG_WARN_DIRECT_OBJC_ISA_USAGE = YES_ERROR;
				CLANG_WARN_DOCUMENTATION_COMMENTS = YES;
				CLANG_WARN_EMPTY_BODY = YES;
				CLANG_WARN_ENUM_CONVERSION = YES;
				CLANG_WARN_INFINITE_RECURSION = YES;
				CLANG_WARN_INT_CONVERSION = YES;
				CLANG_WARN_NON_LITERAL_NULL_CONVERSION = YES;
				CLANG_WARN_OBJC_IMPLICIT_RETAIN_SELF = YES;
				CLANG_WARN_OBJC_LITERAL_CONVERSION = YES;
				CLANG_WARN_OBJC_ROOT_CLASS = YES_ERROR;
				CLANG_WARN_QUOTED_INCLUDE_IN_FRAMEWORK_HEADER = YES;
				CLANG_WARN_RANGE_LOOP_ANALYSIS = YES;
				CLANG_WARN_STRICT_PROTOTYPES = YES;
				CLANG_WARN_SUSPICIOUS_MOVE = YES;
				CLANG_WARN_UNGUARDED_AVAILABILITY = YES_AGGRESSIVE;
				CLANG_WARN_UNREACHABLE_CODE = YES;
				CLANG_WARN__DUPLICATE_METHOD_MATCH = YES;
				COPY_PHASE_STRIP = NO;
				DEBUG_INFORMATION_FORMAT = "dwarf-with-dsym";
				ENABLE_NS_ASSERTIONS = NO;
				ENABLE_STRICT_OBJC_MSGSEND = YES;
				GCC_C_LANGUAGE_STANDARD = gnu11;
				GCC_NO_COMMON_BLOCKS = YES;
				GCC_WARN_64_TO_32_BIT_CONVERSION = YES;
				GCC_WARN_ABOUT_RETURN_TYPE = YES_ERROR;
				GCC_WARN_UNDECLARED_SELECTOR = YES;
				GCC_WARN_UNINITIALIZED_AUTOS = YES_AGGRESSIVE;
				GCC_WARN_UNUSED_FUNCTION = YES;
				GCC_WARN_UNUSED_VARIABLE = YES;
				IPHONEOS_DEPLOYMENT_TARGET = 16.2;
				MTL_ENABLE_DEBUG_INFO = NO;
				MTL_FAST_MATH = YES;
				SDKROOT = iphoneos;
				SWIFT_COMPILATION_MODE = wholemodule;
				SWIFT_OPTIMIZATION_LEVEL = "-O";
				VALIDATE_PRODUCT = YES;
			};
			name = Release;
		};
		A25146A92A0A5F7E00A9FCDF /* Debug */ = {
			isa = XCBuildConfiguration;
			buildSettings = {
				ASSETCATALOG_COMPILER_APPICON_NAME = AppIcon;
				ASSETCATALOG_COMPILER_GLOBAL_ACCENT_COLOR_NAME = AccentColor;
				CODE_SIGN_STYLE = Automatic;
				CURRENT_PROJECT_VERSION = 1;
				DEVELOPMENT_TEAM = C5Z5BWJ9NT;
				GENERATE_INFOPLIST_FILE = YES;
				INFOPLIST_FILE = Navigation/Info.plist;
				INFOPLIST_KEY_UIApplicationSupportsIndirectInputEvents = YES;
				INFOPLIST_KEY_UILaunchStoryboardName = LaunchScreen;
				INFOPLIST_KEY_UISupportedInterfaceOrientations_iPad = "UIInterfaceOrientationPortrait UIInterfaceOrientationPortraitUpsideDown UIInterfaceOrientationLandscapeLeft UIInterfaceOrientationLandscapeRight";
				INFOPLIST_KEY_UISupportedInterfaceOrientations_iPhone = "UIInterfaceOrientationPortrait UIInterfaceOrientationLandscapeLeft UIInterfaceOrientationLandscapeRight";
				IPHONEOS_DEPLOYMENT_TARGET = 16.2;
				LD_RUNPATH_SEARCH_PATHS = (
					"$(inherited)",
					"@executable_path/Frameworks",
				);
				MARKETING_VERSION = 1.0;
				PRODUCT_BUNDLE_IDENTIFIER = com.work.home.Navigation;
				PRODUCT_NAME = "$(TARGET_NAME)";
				SUPPORTED_PLATFORMS = "iphoneos iphonesimulator";
				SUPPORTS_MACCATALYST = NO;
				SUPPORTS_MAC_DESIGNED_FOR_IPHONE_IPAD = NO;
				SWIFT_EMIT_LOC_STRINGS = YES;
				SWIFT_VERSION = 5.0;
				TARGETED_DEVICE_FAMILY = 1;
			};
			name = Debug;
		};
		A25146AA2A0A5F7E00A9FCDF /* Release */ = {
			isa = XCBuildConfiguration;
			buildSettings = {
				ASSETCATALOG_COMPILER_APPICON_NAME = AppIcon;
				ASSETCATALOG_COMPILER_GLOBAL_ACCENT_COLOR_NAME = AccentColor;
				CODE_SIGN_STYLE = Automatic;
				CURRENT_PROJECT_VERSION = 1;
				DEVELOPMENT_TEAM = C5Z5BWJ9NT;
				GENERATE_INFOPLIST_FILE = YES;
				INFOPLIST_FILE = Navigation/Info.plist;
				INFOPLIST_KEY_UIApplicationSupportsIndirectInputEvents = YES;
				INFOPLIST_KEY_UILaunchStoryboardName = LaunchScreen;
				INFOPLIST_KEY_UISupportedInterfaceOrientations_iPad = "UIInterfaceOrientationPortrait UIInterfaceOrientationPortraitUpsideDown UIInterfaceOrientationLandscapeLeft UIInterfaceOrientationLandscapeRight";
				INFOPLIST_KEY_UISupportedInterfaceOrientations_iPhone = "UIInterfaceOrientationPortrait UIInterfaceOrientationLandscapeLeft UIInterfaceOrientationLandscapeRight";
				IPHONEOS_DEPLOYMENT_TARGET = 16.2;
				LD_RUNPATH_SEARCH_PATHS = (
					"$(inherited)",
					"@executable_path/Frameworks",
				);
				MARKETING_VERSION = 1.0;
				PRODUCT_BUNDLE_IDENTIFIER = com.work.home.Navigation;
				PRODUCT_NAME = "$(TARGET_NAME)";
				SUPPORTED_PLATFORMS = "iphoneos iphonesimulator";
				SUPPORTS_MACCATALYST = NO;
				SUPPORTS_MAC_DESIGNED_FOR_IPHONE_IPAD = NO;
				SWIFT_EMIT_LOC_STRINGS = YES;
				SWIFT_VERSION = 5.0;
				TARGETED_DEVICE_FAMILY = 1;
			};
			name = Release;
		};
/* End XCBuildConfiguration section */

/* Begin XCConfigurationList section */
		A251468F2A0A5F7D00A9FCDF /* Build configuration list for PBXProject "Navigation" */ = {
			isa = XCConfigurationList;
			buildConfigurations = (
				A25146A62A0A5F7E00A9FCDF /* Debug */,
				A25146A72A0A5F7E00A9FCDF /* Release */,
			);
			defaultConfigurationIsVisible = 0;
			defaultConfigurationName = Release;
		};
		A25146A82A0A5F7E00A9FCDF /* Build configuration list for PBXNativeTarget "Navigation" */ = {
			isa = XCConfigurationList;
			buildConfigurations = (
				A25146A92A0A5F7E00A9FCDF /* Debug */,
				A25146AA2A0A5F7E00A9FCDF /* Release */,
			);
			defaultConfigurationIsVisible = 0;
			defaultConfigurationName = Release;
		};
/* End XCConfigurationList section */
	};
	rootObject = A251468C2A0A5F7D00A9FCDF /* Project object */;
}
